
Microsoft Visual Studio Solution File, Format Version 12.00
# Visual Studio 2013
VisualStudioVersion = 12.0.30723.0
MinimumVisualStudioVersion = 10.0.40219.1
Project("{FAE04EC0-301F-11D3-BF4B-00C04F79EFBC}") = "R.Scheduler", "R.Scheduler\R.Scheduler.csproj", "{59E14D25-72BD-4E1F-A224-B8A6F5179B90}"
EndProject
Project("{FAE04EC0-301F-11D3-BF4B-00C04F79EFBC}") = "R.Scheduler.Contracts", "R.Scheduler.Contracts\R.Scheduler.Contracts.csproj", "{C2F4994F-DB81-4779-8490-89250561F0D7}"
EndProject
Project("{2150E333-8FDC-42A3-9474-1A3956D46DE8}") = "Tests", "Tests", "{6E854787-A37D-422A-A0F3-C8707723EB4C}"
EndProject
Project("{FAE04EC0-301F-11D3-BF4B-00C04F79EFBC}") = "R.Scheduler.UnitTests", "R.Scheduler.UnitTests\R.Scheduler.UnitTests.csproj", "{78E4C134-1021-48AA-9F04-B52EA878BA32}"
EndProject
Project("{FAE04EC0-301F-11D3-BF4B-00C04F79EFBC}") = "R.Scheduler.IntegrationTests", "R.Scheduler.IntegrationTests\R.Scheduler.IntegrationTests.csproj", "{79CD8C58-F573-428C-AE6B-6A953FB3E2DC}"
EndProject
Project("{2150E333-8FDC-42A3-9474-1A3956D46DE8}") = "Fakes", "Fakes", "{ACF74C8F-7012-44A7-A924-4F87D805F93F}"
EndProject
Project("{FAE04EC0-301F-11D3-BF4B-00C04F79EFBC}") = "R.Scheduler.FakeJobPlugin", "R.Scheduler.FakeJobPlugin\R.Scheduler.FakeJobPlugin.csproj", "{3805AD73-D4CF-4762-81D5-C745FDFB97FA}"
EndProject
Project("{FAE04EC0-301F-11D3-BF4B-00C04F79EFBC}") = "R.Scheduler.Interfaces", "R.Scheduler.Interfaces\R.Scheduler.Interfaces.csproj", "{4010D63D-4BA3-4E41-9087-16CDD341FEBF}"
EndProject
Project("{FAE04EC0-301F-11D3-BF4B-00C04F79EFBC}") = "R.Scheduler.AssemblyPlugin", "R.Scheduler.AssemblyPlugin\R.Scheduler.AssemblyPlugin.csproj", "{A338A7FE-D041-41C3-9CDD-5E35171961DD}"
EndProject
Project("{2150E333-8FDC-42A3-9474-1A3956D46DE8}") = "CustomJobTypes", "CustomJobTypes", "{6C0687DC-4023-4803-8690-197C9274A5C0}"
EndProject
Project("{FAE04EC0-301F-11D3-BF4B-00C04F79EFBC}") = "R.Scheduler.TestHost", "R.Scheduler.TestHost\R.Scheduler.TestHost.csproj", "{F8F159E1-50E1-4755-BBDE-945794E11431}"
EndProject
Project("{FAE04EC0-301F-11D3-BF4B-00C04F79EFBC}") = "R.Scheduler.Persistance", "R.Scheduler.Persistance\R.Scheduler.Persistance.csproj", "{FBADF088-E56E-4862-9C1C-3FF81C4BD92B}"
EndProject
Project("{FAE04EC0-301F-11D3-BF4B-00C04F79EFBC}") = "R.Scheduler.Core", "R.Scheduler.Core\R.Scheduler.Core.csproj", "{0B05F704-2CFF-4571-B63C-D9ABC7FD5666}"
EndProject
Project("{2150E333-8FDC-42A3-9474-1A3956D46DE8}") = ".nuget", ".nuget", "{BE6CAE61-8F1C-4F7B-951A-D4BA2B360025}"
	ProjectSection(SolutionItems) = preProject
		.nuget\NuGet.Config = .nuget\NuGet.Config
		.nuget\NuGet.exe = .nuget\NuGet.exe
		.nuget\NuGet.targets = .nuget\NuGet.targets
	EndProjectSection
EndProject
Project("{FAE04EC0-301F-11D3-BF4B-00C04F79EFBC}") = "R.Scheduler.Ftp", "R.Scheduler.Ftp\R.Scheduler.Ftp.csproj", "{F2992D16-12E0-4277-B8EB-CE474EAB2BCC}"
EndProject
Project("{FAE04EC0-301F-11D3-BF4B-00C04F79EFBC}") = "R.Scheduler.FakeFtpLib", "R.Scheduler.FakeFtpLib\R.Scheduler.FakeFtpLib.csproj", "{1C7C190B-4CA0-426F-9558-364E979D73E8}"
EndProject
Project("{FAE04EC0-301F-11D3-BF4B-00C04F79EFBC}") = "R.Scheduler.WebRequest", "R.Scheduler.WebRequest\R.Scheduler.WebRequest.csproj", "{F6B44C96-F2D3-4086-AE9C-507F528559BE}"
EndProject
Project("{FAE04EC0-301F-11D3-BF4B-00C04F79EFBC}") = "R.Scheduler.DirectoryScan", "R.Scheduler.DirectoryScan\R.Scheduler.DirectoryScan.csproj", "{137A3DCF-486E-498F-837A-D206E9B42CC3}"
EndProject
Project("{FAE04EC0-301F-11D3-BF4B-00C04F79EFBC}") = "R.Scheduler.Sql", "R.Scheduler.Sql\R.Scheduler.Sql.csproj", "{99EDF966-9370-4FA2-8CE7-6089F88E83CC}"
EndProject
Project("{FAE04EC0-301F-11D3-BF4B-00C04F79EFBC}") = "R.Scheduler.FakeJobPluginWithError", "R.Scheduler.FakeJobPluginWithError\R.Scheduler.FakeJobPluginWithError.csproj", "{9AB8E06A-1951-4C47-A438-AD3BA5E65A3F}"
EndProject
Project("{FAE04EC0-301F-11D3-BF4B-00C04F79EFBC}") = "R.Scheduler.TestListenersImp", "R.Scheduler.TestListenersImp\R.Scheduler.TestListenersImp.csproj", "{00FAFE80-AF56-4277-9177-BD9DD3EB7BA5}"
EndProject
Project("{FAE04EC0-301F-11D3-BF4B-00C04F79EFBC}") = "R.Scheduler.TestCustomAuthorizationImp", "R.Scheduler.TestCustomAuthorizationImp\R.Scheduler.TestCustomAuthorizationImp.csproj", "{64467844-10C7-4B12-AD87-D6F38DE05D9B}"
EndProject
Global
	GlobalSection(SolutionConfigurationPlatforms) = preSolution
		Debug|Any CPU = Debug|Any CPU
		Release|Any CPU = Release|Any CPU
	EndGlobalSection
	GlobalSection(ProjectConfigurationPlatforms) = postSolution
		{59E14D25-72BD-4E1F-A224-B8A6F5179B90}.Debug|Any CPU.ActiveCfg = Debug|Any CPU
		{59E14D25-72BD-4E1F-A224-B8A6F5179B90}.Debug|Any CPU.Build.0 = Debug|Any CPU
		{59E14D25-72BD-4E1F-A224-B8A6F5179B90}.Release|Any CPU.ActiveCfg = Release|Any CPU
		{59E14D25-72BD-4E1F-A224-B8A6F5179B90}.Release|Any CPU.Build.0 = Release|Any CPU
		{C2F4994F-DB81-4779-8490-89250561F0D7}.Debug|Any CPU.ActiveCfg = Debug|Any CPU
		{C2F4994F-DB81-4779-8490-89250561F0D7}.Debug|Any CPU.Build.0 = Debug|Any CPU
		{C2F4994F-DB81-4779-8490-89250561F0D7}.Release|Any CPU.ActiveCfg = Release|Any CPU
		{C2F4994F-DB81-4779-8490-89250561F0D7}.Release|Any CPU.Build.0 = Release|Any CPU
		{78E4C134-1021-48AA-9F04-B52EA878BA32}.Debug|Any CPU.ActiveCfg = Debug|Any CPU
		{78E4C134-1021-48AA-9F04-B52EA878BA32}.Debug|Any CPU.Build.0 = Debug|Any CPU
		{78E4C134-1021-48AA-9F04-B52EA878BA32}.Release|Any CPU.ActiveCfg = Release|Any CPU
		{78E4C134-1021-48AA-9F04-B52EA878BA32}.Release|Any CPU.Build.0 = Release|Any CPU
		{79CD8C58-F573-428C-AE6B-6A953FB3E2DC}.Debug|Any CPU.ActiveCfg = Debug|Any CPU
		{79CD8C58-F573-428C-AE6B-6A953FB3E2DC}.Debug|Any CPU.Build.0 = Debug|Any CPU
		{79CD8C58-F573-428C-AE6B-6A953FB3E2DC}.Release|Any CPU.ActiveCfg = Release|Any CPU
		{79CD8C58-F573-428C-AE6B-6A953FB3E2DC}.Release|Any CPU.Build.0 = Release|Any CPU
		{3805AD73-D4CF-4762-81D5-C745FDFB97FA}.Debug|Any CPU.ActiveCfg = Debug|Any CPU
		{3805AD73-D4CF-4762-81D5-C745FDFB97FA}.Debug|Any CPU.Build.0 = Debug|Any CPU
		{3805AD73-D4CF-4762-81D5-C745FDFB97FA}.Release|Any CPU.ActiveCfg = Release|Any CPU
		{3805AD73-D4CF-4762-81D5-C745FDFB97FA}.Release|Any CPU.Build.0 = Release|Any CPU
		{4010D63D-4BA3-4E41-9087-16CDD341FEBF}.Debug|Any CPU.ActiveCfg = Debug|Any CPU
		{4010D63D-4BA3-4E41-9087-16CDD341FEBF}.Debug|Any CPU.Build.0 = Debug|Any CPU
		{4010D63D-4BA3-4E41-9087-16CDD341FEBF}.Release|Any CPU.ActiveCfg = Release|Any CPU
		{4010D63D-4BA3-4E41-9087-16CDD341FEBF}.Release|Any CPU.Build.0 = Release|Any CPU
		{A338A7FE-D041-41C3-9CDD-5E35171961DD}.Debug|Any CPU.ActiveCfg = Debug|Any CPU
		{A338A7FE-D041-41C3-9CDD-5E35171961DD}.Debug|Any CPU.Build.0 = Debug|Any CPU
		{A338A7FE-D041-41C3-9CDD-5E35171961DD}.Release|Any CPU.ActiveCfg = Release|Any CPU
		{A338A7FE-D041-41C3-9CDD-5E35171961DD}.Release|Any CPU.Build.0 = Release|Any CPU
		{F8F159E1-50E1-4755-BBDE-945794E11431}.Debug|Any CPU.ActiveCfg = Debug|Any CPU
		{F8F159E1-50E1-4755-BBDE-945794E11431}.Debug|Any CPU.Build.0 = Debug|Any CPU
		{F8F159E1-50E1-4755-BBDE-945794E11431}.Release|Any CPU.ActiveCfg = Release|Any CPU
		{F8F159E1-50E1-4755-BBDE-945794E11431}.Release|Any CPU.Build.0 = Release|Any CPU
		{FBADF088-E56E-4862-9C1C-3FF81C4BD92B}.Debug|Any CPU.ActiveCfg = Debug|Any CPU
		{FBADF088-E56E-4862-9C1C-3FF81C4BD92B}.Debug|Any CPU.Build.0 = Debug|Any CPU
		{FBADF088-E56E-4862-9C1C-3FF81C4BD92B}.Release|Any CPU.ActiveCfg = Release|Any CPU
		{FBADF088-E56E-4862-9C1C-3FF81C4BD92B}.Release|Any CPU.Build.0 = Release|Any CPU
		{0B05F704-2CFF-4571-B63C-D9ABC7FD5666}.Debug|Any CPU.ActiveCfg = Debug|Any CPU
		{0B05F704-2CFF-4571-B63C-D9ABC7FD5666}.Debug|Any CPU.Build.0 = Debug|Any CPU
		{0B05F704-2CFF-4571-B63C-D9ABC7FD5666}.Release|Any CPU.ActiveCfg = Release|Any CPU
		{0B05F704-2CFF-4571-B63C-D9ABC7FD5666}.Release|Any CPU.Build.0 = Release|Any CPU
		{F2992D16-12E0-4277-B8EB-CE474EAB2BCC}.Debug|Any CPU.ActiveCfg = Debug|Any CPU
		{F2992D16-12E0-4277-B8EB-CE474EAB2BCC}.Debug|Any CPU.Build.0 = Debug|Any CPU
		{F2992D16-12E0-4277-B8EB-CE474EAB2BCC}.Release|Any CPU.ActiveCfg = Release|Any CPU
		{F2992D16-12E0-4277-B8EB-CE474EAB2BCC}.Release|Any CPU.Build.0 = Release|Any CPU
		{1C7C190B-4CA0-426F-9558-364E979D73E8}.Debug|Any CPU.ActiveCfg = Debug|Any CPU
		{1C7C190B-4CA0-426F-9558-364E979D73E8}.Debug|Any CPU.Build.0 = Debug|Any CPU
		{1C7C190B-4CA0-426F-9558-364E979D73E8}.Release|Any CPU.ActiveCfg = Release|Any CPU
		{1C7C190B-4CA0-426F-9558-364E979D73E8}.Release|Any CPU.Build.0 = Release|Any CPU
		{F6B44C96-F2D3-4086-AE9C-507F528559BE}.Debug|Any CPU.ActiveCfg = Debug|Any CPU
		{F6B44C96-F2D3-4086-AE9C-507F528559BE}.Debug|Any CPU.Build.0 = Debug|Any CPU
		{F6B44C96-F2D3-4086-AE9C-507F528559BE}.Release|Any CPU.ActiveCfg = Release|Any CPU
		{F6B44C96-F2D3-4086-AE9C-507F528559BE}.Release|Any CPU.Build.0 = Release|Any CPU
		{137A3DCF-486E-498F-837A-D206E9B42CC3}.Debug|Any CPU.ActiveCfg = Debug|Any CPU
		{137A3DCF-486E-498F-837A-D206E9B42CC3}.Debug|Any CPU.Build.0 = Debug|Any CPU
		{137A3DCF-486E-498F-837A-D206E9B42CC3}.Release|Any CPU.ActiveCfg = Release|Any CPU
		{137A3DCF-486E-498F-837A-D206E9B42CC3}.Release|Any CPU.Build.0 = Release|Any CPU
		{99EDF966-9370-4FA2-8CE7-6089F88E83CC}.Debug|Any CPU.ActiveCfg = Debug|Any CPU
		{99EDF966-9370-4FA2-8CE7-6089F88E83CC}.Debug|Any CPU.Build.0 = Debug|Any CPU
		{99EDF966-9370-4FA2-8CE7-6089F88E83CC}.Release|Any CPU.ActiveCfg = Release|Any CPU
		{99EDF966-9370-4FA2-8CE7-6089F88E83CC}.Release|Any CPU.Build.0 = Release|Any CPU
		{9AB8E06A-1951-4C47-A438-AD3BA5E65A3F}.Debug|Any CPU.ActiveCfg = Debug|Any CPU
		{9AB8E06A-1951-4C47-A438-AD3BA5E65A3F}.Debug|Any CPU.Build.0 = Debug|Any CPU
		{9AB8E06A-1951-4C47-A438-AD3BA5E65A3F}.Release|Any CPU.ActiveCfg = Release|Any CPU
		{9AB8E06A-1951-4C47-A438-AD3BA5E65A3F}.Release|Any CPU.Build.0 = Release|Any CPU
		{00FAFE80-AF56-4277-9177-BD9DD3EB7BA5}.Debug|Any CPU.ActiveCfg = Debug|Any CPU
		{00FAFE80-AF56-4277-9177-BD9DD3EB7BA5}.Debug|Any CPU.Build.0 = Debug|Any CPU
		{00FAFE80-AF56-4277-9177-BD9DD3EB7BA5}.Release|Any CPU.ActiveCfg = Release|Any CPU
		{00FAFE80-AF56-4277-9177-BD9DD3EB7BA5}.Release|Any CPU.Build.0 = Release|Any CPU
		{64467844-10C7-4B12-AD87-D6F38DE05D9B}.Debug|Any CPU.ActiveCfg = Debug|Any CPU
		{64467844-10C7-4B12-AD87-D6F38DE05D9B}.Debug|Any CPU.Build.0 = Debug|Any CPU
		{64467844-10C7-4B12-AD87-D6F38DE05D9B}.Release|Any CPU.ActiveCfg = Release|Any CPU
		{64467844-10C7-4B12-AD87-D6F38DE05D9B}.Release|Any CPU.Build.0 = Release|Any CPU
	EndGlobalSection
	GlobalSection(SolutionProperties) = preSolution
		HideSolutionNode = FALSE
	EndGlobalSection
	GlobalSection(NestedProjects) = preSolution
		{78E4C134-1021-48AA-9F04-B52EA878BA32} = {6E854787-A37D-422A-A0F3-C8707723EB4C}
		{79CD8C58-F573-428C-AE6B-6A953FB3E2DC} = {6E854787-A37D-422A-A0F3-C8707723EB4C}
		{ACF74C8F-7012-44A7-A924-4F87D805F93F} = {6E854787-A37D-422A-A0F3-C8707723EB4C}
		{3805AD73-D4CF-4762-81D5-C745FDFB97FA} = {ACF74C8F-7012-44A7-A924-4F87D805F93F}
		{A338A7FE-D041-41C3-9CDD-5E35171961DD} = {6C0687DC-4023-4803-8690-197C9274A5C0}
		{F8F159E1-50E1-4755-BBDE-945794E11431} = {6E854787-A37D-422A-A0F3-C8707723EB4C}
		{F2992D16-12E0-4277-B8EB-CE474EAB2BCC} = {6C0687DC-4023-4803-8690-197C9274A5C0}
		{1C7C190B-4CA0-426F-9558-364E979D73E8} = {ACF74C8F-7012-44A7-A924-4F87D805F93F}
		{F6B44C96-F2D3-4086-AE9C-507F528559BE} = {6C0687DC-4023-4803-8690-197C9274A5C0}
		{137A3DCF-486E-498F-837A-D206E9B42CC3} = {6C0687DC-4023-4803-8690-197C9274A5C0}
		{99EDF966-9370-4FA2-8CE7-6089F88E83CC} = {6C0687DC-4023-4803-8690-197C9274A5C0}
		{9AB8E06A-1951-4C47-A438-AD3BA5E65A3F} = {ACF74C8F-7012-44A7-A924-4F87D805F93F}
		{00FAFE80-AF56-4277-9177-BD9DD3EB7BA5} = {6E854787-A37D-422A-A0F3-C8707723EB4C}
		{64467844-10C7-4B12-AD87-D6F38DE05D9B} = {6E854787-A37D-422A-A0F3-C8707723EB4C}
	EndGlobalSection
EndGlobal
